
Microsoft Visual Studio Solution File, Format Version 12.00
# Visual Studio Version 17
VisualStudioVersion = 17.7.34024.191
MinimumVisualStudioVersion = 10.0.40219.1
Project("{FAE04EC0-301F-11D3-BF4B-00C04F79EFBC}") = "NetManager", "NetManager\NetManager.csproj", "{31BBB7E0-969E-4FDB-8BBD-056326FC7BDF}"
EndProject
Global
	GlobalSection(SolutionConfigurationPlatforms) = preSolution
		Debug|Any CPU = Debug|Any CPU
		Release|Any CPU = Release|Any CPU
	EndGlobalSection
	GlobalSection(ProjectConfigurationPlatforms) = postSolution
		{31BBB7E0-969E-4FDB-8BBD-056326FC7BDF}.Debug|Any CPU.ActiveCfg = Debug|Any CPU
		{31BBB7E0-969E-4FDB-8BBD-056326FC7BDF}.Debug|Any CPU.Build.0 = Debug|Any CPU
		{31BBB7E0-969E-4FDB-8BBD-056326FC7BDF}.Release|Any CPU.ActiveCfg = Release|Any CPU
		{31BBB7E0-969E-4FDB-8BBD-056326FC7BDF}.Release|Any CPU.Build.0 = Release|Any CPU
	EndGlobalSection
	GlobalSection(SolutionProperties) = preSolution
		HideSolutionNode = FALSE
	EndGlobalSection
	GlobalSection(ExtensibilityGlobals) = postSolution
		SolutionGuid = {3493B568-4DA3-4A11-824B-1F82F95A8308}
	EndGlobalSection
EndGlobal
